// !$*UTF8*$!
{
	archiveVersion = 1;
	classes = {
	};
	objectVersion = 50;
	objects = {

/* Begin PBXBuildFile section */
		9824967921D569A800B83E6B /* AppDelegate.swift in Sources */ = {isa = PBXBuildFile; fileRef = 9824967821D569A800B83E6B /* AppDelegate.swift */; };
		9824967B21D569A800B83E6B /* ViewController.swift in Sources */ = {isa = PBXBuildFile; fileRef = 9824967A21D569A800B83E6B /* ViewController.swift */; };
		9824967E21D569A800B83E6B /* Main.storyboard in Resources */ = {isa = PBXBuildFile; fileRef = 9824967C21D569A800B83E6B /* Main.storyboard */; };
		9824968121D569A800B83E6B /* Finito.xcdatamodeld in Sources */ = {isa = PBXBuildFile; fileRef = 9824967F21D569A800B83E6B /* Finito.xcdatamodeld */; };
		9824968321D569AA00B83E6B /* Assets.xcassets in Resources */ = {isa = PBXBuildFile; fileRef = 9824968221D569AA00B83E6B /* Assets.xcassets */; };
		9824968621D569AA00B83E6B /* LaunchScreen.storyboard in Resources */ = {isa = PBXBuildFile; fileRef = 9824968421D569AA00B83E6B /* LaunchScreen.storyboard */; };
/* End PBXBuildFile section */

/* Begin PBXFileReference section */
		9824967521D569A800B83E6B /* Finito.app */ = {isa = PBXFileReference; explicitFileType = wrapper.application; includeInIndex = 0; path = Finito.app; sourceTree = BUILT_PRODUCTS_DIR; };
		9824967821D569A800B83E6B /* AppDelegate.swift */ = {isa = PBXFileReference; lastKnownFileType = sourcecode.swift; path = AppDelegate.swift; sourceTree = "<group>"; };
		9824967A21D569A800B83E6B /* ViewController.swift */ = {isa = PBXFileReference; lastKnownFileType = sourcecode.swift; path = ViewController.swift; sourceTree = "<group>"; };
		9824967D21D569A800B83E6B /* Base */ = {isa = PBXFileReference; lastKnownFileType = file.storyboard; name = Base; path = Base.lproj/Main.storyboard; sourceTree = "<group>"; };
		9824968021D569A800B83E6B /* Finito.xcdatamodel */ = {isa = PBXFileReference; lastKnownFileType = wrapper.xcdatamodel; path = Finito.xcdatamodel; sourceTree = "<group>"; };
		9824968221D569AA00B83E6B /* Assets.xcassets */ = {isa = PBXFileReference; lastKnownFileType = folder.assetcatalog; path = Assets.xcassets; sourceTree = "<group>"; };
		9824968521D569AA00B83E6B /* Base */ = {isa = PBXFileReference; lastKnownFileType = file.storyboard; name = Base; path = Base.lproj/LaunchScreen.storyboard; sourceTree = "<group>"; };
		9824968721D569AA00B83E6B /* Info.plist */ = {isa = PBXFileReference; lastKnownFileType = text.plist.xml; path = Info.plist; sourceTree = "<group>"; };
/* End PBXFileReference section */

/* Begin PBXFrameworksBuildPhase section */
		9824967221D569A800B83E6B /* Frameworks */ = {
			isa = PBXFrameworksBuildPhase;
			buildActionMask = 2147483647;
			files = (
			);
			runOnlyForDeploymentPostprocessing = 0;
		};
/* End PBXFrameworksBuildPhase section */

/* Begin PBXGroup section */
		9824966C21D569A800B83E6B = {
			isa = PBXGroup;
			children = (
				9824967721D569A800B83E6B /* Finito */,
				9824967621D569A800B83E6B /* Products */,
			);
			sourceTree = "<group>";
		};
		9824967621D569A800B83E6B /* Products */ = {
			isa = PBXGroup;
			children = (
				9824967521D569A800B83E6B /* Finito.app */,
			);
			name = Products;
			sourceTree = "<group>";
		};
		9824967721D569A800B83E6B /* Finito */ = {
			isa = PBXGroup;
			children = (
				9824968D21D56E4000B83E6B /* assets */,
				9824967821D569A800B83E6B /* AppDelegate.swift */,
				9824967A21D569A800B83E6B /* ViewController.swift */,
				9824967C21D569A800B83E6B /* Main.storyboard */,
				9824968221D569AA00B83E6B /* Assets.xcassets */,
				9824968421D569AA00B83E6B /* LaunchScreen.storyboard */,
				9824968721D569AA00B83E6B /* Info.plist */,
				9824967F21D569A800B83E6B /* Finito.xcdatamodeld */,
			);
			path = Finito;
			sourceTree = "<group>";
		};
		9824968D21D56E4000B83E6B /* assets */ = {
			isa = PBXGroup;
			children = (
			);
			path = assets;
			sourceTree = "<group>";
		};
/* End PBXGroup section */

/* Begin PBXNativeTarget section */
		9824967421D569A800B83E6B /* Finito */ = {
			isa = PBXNativeTarget;
			buildConfigurationList = 9824968A21D569AA00B83E6B /* Build configuration list for PBXNativeTarget "Finito" */;
			buildPhases = (
				9824967121D569A800B83E6B /* Sources */,
				9824967221D569A800B83E6B /* Frameworks */,
				9824967321D569A800B83E6B /* Resources */,
			);
			buildRules = (
			);
			dependencies = (
			);
			name = Finito;
			productName = Finito;
			productReference = 9824967521D569A800B83E6B /* Finito.app */;
			productType = "com.apple.product-type.application";
		};
/* End PBXNativeTarget section */

/* Begin PBXProject section */
		9824966D21D569A800B83E6B /* Project object */ = {
			isa = PBXProject;
			attributes = {
				LastSwiftUpdateCheck = 1010;
				LastUpgradeCheck = 1010;
				ORGANIZATIONNAME = DevelopIT;
				TargetAttributes = {
					9824967421D569A800B83E6B = {
						CreatedOnToolsVersion = 10.1;
					};
				};
			};
			buildConfigurationList = 9824967021D569A800B83E6B /* Build configuration list for PBXProject "Finito" */;
			compatibilityVersion = "Xcode 9.3";
			developmentRegion = en;
			hasScannedForEncodings = 0;
			knownRegions = (
				en,
				Base,
			);
			mainGroup = 9824966C21D569A800B83E6B;
			productRefGroup = 9824967621D569A800B83E6B /* Products */;
			projectDirPath = "";
			projectRoot = "";
			targets = (
				9824967421D569A800B83E6B /* Finito */,
			);
		};
/* End PBXProject section */

/* Begin PBXResourcesBuildPhase section */
		9824967321D569A800B83E6B /* Resources */ = {
			isa = PBXResourcesBuildPhase;
			buildActionMask = 2147483647;
			files = (
				9824968621D569AA00B83E6B /* LaunchScreen.storyboard in Resources */,
				9824968321D569AA00B83E6B /* Assets.xcassets in Resources */,
				9824967E21D569A800B83E6B /* Main.storyboard in Resources */,
			);
			runOnlyForDeploymentPostprocessing = 0;
		};
/* End PBXResourcesBuildPhase section */

/* Begin PBXSourcesBuildPhase section */
		9824967121D569A800B83E6B /* Sources */ = {
			isa = PBXSourcesBuildPhase;
			buildActionMask = 2147483647;
			files = (
				9824968121D569A800B83E6B /* Finito.xcdatamodeld in Sources */,
				9824967B21D569A800B83E6B /* ViewController.swift in Sources */,
				9824967921D569A800B83E6B /* AppDelegate.swift in Sources */,
			);
			runOnlyForDeploymentPostprocessing = 0;
		};
/* End PBXSourcesBuildPhase section */

/* Begin PBXVariantGroup section */
		9824967C21D569A800B83E6B /* Main.storyboard */ = {
			isa = PBXVariantGroup;
			children = (
				9824967D21D569A800B83E6B /* Base */,
			);
			name = Main.storyboard;
			sourceTree = "<group>";
		};
		9824968421D569AA00B83E6B /* LaunchScreen.storyboard */ = {
			isa = PBXVariantGroup;
			children = (
				9824968521D569AA00B83E6B /* Base */,
			);
			name = LaunchScreen.storyboard;
			sourceTree = "<group>";
		};
/* End PBXVariantGroup section */

/* Begin XCBuildConfiguration section */
		9824968821D569AA00B83E6B /* Debug */ = {
			isa = XCBuildConfiguration;
			buildSettings = {
				ALWAYS_SEARCH_USER_PATHS = NO;
				CLANG_ANALYZER_NONNULL = YES;
				CLANG_ANALYZER_NUMBER_OBJECT_CONVERSION = YES_AGGRESSIVE;
				CLANG_CXX_LANGUAGE_STANDARD = "gnu++14";
				CLANG_CXX_LIBRARY = "libc++";
				CLANG_ENABLE_MODULES = YES;
				CLANG_ENABLE_OBJC_ARC = YES;
				CLANG_ENABLE_OBJC_WEAK = YES;
				CLANG_WARN_BLOCK_CAPTURE_AUTORELEASING = YES;
				CLANG_WARN_BOOL_CONVERSION = YES;
				CLANG_WARN_COMMA = YES;
				CLANG_WARN_CONSTANT_CONVERSION = YES;
				CLANG_WARN_DEPRECATED_OBJC_IMPLEMENTATIONS = YES;
				CLANG_WARN_DIRECT_OBJC_ISA_USAGE = YES_ERROR;
				CLANG_WARN_DOCUMENTATION_COMMENTS = YES;
				CLANG_WARN_EMPTY_BODY = YES;
				CLANG_WARN_ENUM_CONVERSION = YES;
				CLANG_WARN_INFINITE_RECURSION = YES;
				CLANG_WARN_INT_CONVERSION = YES;
				CLANG_WARN_NON_LITERAL_NULL_CONVERSION = YES;
				CLANG_WARN_OBJC_IMPLICIT_RETAIN_SELF = YES;
				CLANG_WARN_OBJC_LITERAL_CONVERSION = YES;
				CLANG_WARN_OBJC_ROOT_CLASS = YES_ERROR;
				CLANG_WARN_RANGE_LOOP_ANALYSIS = YES;
				CLANG_WARN_STRICT_PROTOTYPES = YES;
				CLANG_WARN_SUSPICIOUS_MOVE = YES;
				CLANG_WARN_UNGUARDED_AVAILABILITY = YES_AGGRESSIVE;
				CLANG_WARN_UNREACHABLE_CODE = YES;
				CLANG_WARN__DUPLICATE_METHOD_MATCH = YES;
				CODE_SIGN_IDENTITY = "iPhone Developer";
				COPY_PHASE_STRIP = NO;
				DEBUG_INFORMATION_FORMAT = dwarf;
				ENABLE_STRICT_OBJC_MSGSEND = YES;
				ENABLE_TESTABILITY = YES;
				GCC_C_LANGUAGE_STANDARD = gnu11;
				GCC_DYNAMIC_NO_PIC = NO;
				GCC_NO_COMMON_BLOCKS = YES;
				GCC_OPTIMIZATION_LEVEL = 0;
				GCC_PREPROCESSOR_DEFINITIONS = (
					"DEBUG=1",
					"$(inherited)",
				);
				GCC_WARN_64_TO_32_BIT_CONVERSION = YES;
				GCC_WARN_ABOUT_RETURN_TYPE = YES_ERROR;
				GCC_WARN_UNDECLARED_SELECTOR = YES;
				GCC_WARN_UNINITIALIZED_AUTOS = YES_AGGRESSIVE;
				GCC_WARN_UNUSED_FUNCTION = YES;
				GCC_WARN_UNUSED_VARIABLE = YES;
				IPHONEOS_DEPLOYMENT_TARGET = 12.1;
				MTL_ENABLE_DEBUG_INFO = INCLUDE_SOURCE;
				MTL_FAST_MATH = YES;
				ONLY_ACTIVE_ARCH = YES;
				SDKROOT = iphoneos;
				SWIFT_ACTIVE_COMPILATION_CONDITIONS = DEBUG;
				SWIFT_OPTIMIZATION_LEVEL = "-Onone";
			};
			name = Debug;
		};
		9824968921D569AA00B83E6B /* Release */ = {
			isa = XCBuildConfiguration;
			buildSettings = {
				ALWAYS_SEARCH_USER_PATHS = NO;
				CLANG_ANALYZER_NONNULL = YES;
				CLANG_ANALYZER_NUMBER_OBJECT_CONVERSION = YES_AGGRESSIVE;
				CLANG_CXX_LANGUAGE_STANDARD = "gnu++14";
				CLANG_CXX_LIBRARY = "libc++";
				CLANG_ENABLE_MODULES = YES;
				CLANG_ENABLE_OBJC_ARC = YES;
				CLANG_ENABLE_OBJC_WEAK = YES;
				CLANG_WARN_BLOCK_CAPTURE_AUTORELEASING = YES;
				CLANG_WARN_BOOL_CONVERSION = YES;
				CLANG_WARN_COMMA = YES;
				CLANG_WARN_CONSTANT_CONVERSION = YES;
				CLANG_WARN_DEPRECATED_OBJC_IMPLEMENTATIONS = YES;
				CLANG_WARN_DIRECT_OBJC_ISA_USAGE = YES_ERROR;
				CLANG_WARN_DOCUMENTATION_COMMENTS = YES;
				CLANG_WARN_EMPTY_BODY = YES;
				CLANG_WARN_ENUM_CONVERSION = YES;
				CLANG_WARN_INFINITE_RECURSION = YES;
				CLANG_WARN_INT_CONVERSION = YES;
				CLANG_WARN_NON_LITERAL_NULL_CONVERSION = YES;
				CLANG_WARN_OBJC_IMPLICIT_RETAIN_SELF = YES;
				CLANG_WARN_OBJC_LITERAL_CONVERSION = YES;
				CLANG_WARN_OBJC_ROOT_CLASS = YES_ERROR;
				CLANG_WARN_RANGE_LOOP_ANALYSIS = YES;
				CLANG_WARN_STRICT_PROTOTYPES = YES;
				CLANG_WARN_SUSPICIOUS_MOVE = YES;
				CLANG_WARN_UNGUARDED_AVAILABILITY = YES_AGGRESSIVE;
				CLANG_WARN_UNREACHABLE_CODE = YES;
				CLANG_WARN__DUPLICATE_METHOD_MATCH = YES;
				CODE_SIGN_IDENTITY = "iPhone Developer";
				COPY_PHASE_STRIP = NO;
				DEBUG_INFORMATION_FORMAT = "dwarf-with-dsym";
				ENABLE_NS_ASSERTIONS = NO;
				ENABLE_STRICT_OBJC_MSGSEND = YES;
				GCC_C_LANGUAGE_STANDARD = gnu11;
				GCC_NO_COMMON_BLOCKS = YES;
				GCC_WARN_64_TO_32_BIT_CONVERSION = YES;
				GCC_WARN_ABOUT_RETURN_TYPE = YES_ERROR;
				GCC_WARN_UNDECLARED_SELECTOR = YES;
				GCC_WARN_UNINITIALIZED_AUTOS = YES_AGGRESSIVE;
				GCC_WARN_UNUSED_FUNCTION = YES;
				GCC_WARN_UNUSED_VARIABLE = YES;
				IPHONEOS_DEPLOYMENT_TARGET = 12.1;
				MTL_ENABLE_DEBUG_INFO = NO;
				MTL_FAST_MATH = YES;
				SDKROOT = iphoneos;
				SWIFT_COMPILATION_MODE = wholemodule;
				SWIFT_OPTIMIZATION_LEVEL = "-O";
				VALIDATE_PRODUCT = YES;
			};
			name = Release;
		};
		9824968B21D569AA00B83E6B /* Debug */ = {
			isa = XCBuildConfiguration;
			buildSettings = {
				ASSETCATALOG_COMPILER_APPICON_NAME = AppIcon;
				CODE_SIGN_STYLE = Automatic;
				DEVELOPMENT_TEAM = WP9F9KTAC7;
				INFOPLIST_FILE = Finito/Info.plist;
				LD_RUNPATH_SEARCH_PATHS = (
					"$(inherited)",
					"@executable_path/Frameworks",
				);
				PRODUCT_BUNDLE_IDENTIFIER = com.developIT.Finito;
				PRODUCT_NAME = "$(TARGET_NAME)";
				SWIFT_VERSION = 4.2;
				TARGETED_DEVICE_FAMILY = "1,2";
			};
			name = Debug;
		};
		9824968C21D569AA00B83E6B /* Release */ = {
			isa = XCBuildConfiguration;
			buildSettings = {
				ASSETCATALOG_COMPILER_APPICON_NAME = AppIcon;
				CODE_SIGN_STYLE = Automatic;
				DEVELOPMENT_TEAM = WP9F9KTAC7;
				INFOPLIST_FILE = Finito/Info.plist;
				LD_RUNPATH_SEARCH_PATHS = (
					"$(inherited)",
					"@executable_path/Frameworks",
				);
				PRODUCT_BUNDLE_IDENTIFIER = com.developIT.Finito;
				PRODUCT_NAME = "$(TARGET_NAME)";
				SWIFT_VERSION = 4.2;
				TARGETED_DEVICE_FAMILY = "1,2";
			};
			name = Release;
		};
/* End XCBuildConfiguration section */

/* Begin XCConfigurationList section */
		9824967021D569A800B83E6B /* Build configuration list for PBXProject "Finito" */ = {
			isa = XCConfigurationList;
			buildConfigurations = (
				9824968821D569AA00B83E6B /* Debug */,
				9824968921D569AA00B83E6B /* Release */,
			);
			defaultConfigurationIsVisible = 0;
			defaultConfigurationName = Release;
		};
		9824968A21D569AA00B83E6B /* Build configuration list for PBXNativeTarget "Finito" */ = {
			isa = XCConfigurationList;
			buildConfigurations = (
				9824968B21D569AA00B83E6B /* Debug */,
				9824968C21D569AA00B83E6B /* Release */,
			);
			defaultConfigurationIsVisible = 0;
			defaultConfigurationName = Release;
		};
/* End XCConfigurationList section */

/* Begin XCVersionGroup section */
		9824967F21D569A800B83E6B /* Finito.xcdatamodeld */ = {
			isa = XCVersionGroup;
			children = (
				9824968021D569A800B83E6B /* Finito.xcdatamodel */,
			);
			currentVersion = 9824968021D569A800B83E6B /* Finito.xcdatamodel */;
			path = Finito.xcdatamodeld;
			sourceTree = "<group>";
			versionGroupType = wrapper.xcdatamodel;
		};
/* End XCVersionGroup section */
	};
	rootObject = 9824966D21D569A800B83E6B /* Project object */;
}
